// !$*UTF8*$!
{
	archiveVersion = 1;
	classes = {
	};
	objectVersion = 46;
	objects = {

/* Begin PBXFileReference section */
		84777BD4170D46FD00FDFE92 /* License.md */ = {isa = PBXFileReference; lastKnownFileType = text; path = License.md; sourceTree = "<group>"; };
		84777BD5170D46FD00FDFE92 /* README.md */ = {isa = PBXFileReference; lastKnownFileType = text; path = README.md; sourceTree = "<group>"; };
		ED1A372F1D282677008DCEF1 /* SSDT-NVMe.dsl */ = {isa = PBXFileReference; lastKnownFileType = text; path = "SSDT-NVMe.dsl"; sourceTree = "<group>"; };
		ED498D831BD3027200C7BB36 /* SSDT-HACK.dsl */ = {isa = PBXFileReference; lastKnownFileType = text; path = "SSDT-HACK.dsl"; sourceTree = "<group>"; };
		ED498D841BD3027200C7BB36 /* config.plist */ = {isa = PBXFileReference; lastKnownFileType = text.plist.xml; path = config.plist; sourceTree = "<group>"; };
		ED6AA33D1C17E4E300143A36 /* makefile */ = {isa = PBXFileReference; lastKnownFileType = sourcecode.make; path = makefile; sourceTree = "<group>"; usesTabs = 1; };
		ED81B8581ECE303B00659D3D /* config_install.plist */ = {isa = PBXFileReference; lastKnownFileType = text.plist.xml; path = config_install.plist; sourceTree = "<group>"; };
		ED95D2AE1C443EC700F66D6C /* download.sh */ = {isa = PBXFileReference; lastKnownFileType = text.script.sh; path = download.sh; sourceTree = "<group>"; };
		ED95D2AF1C443EC700F66D6C /* install_downloads.sh */ = {isa = PBXFileReference; lastKnownFileType = text.script.sh; path = install_downloads.sh; sourceTree = "<group>"; };
/* End PBXFileReference section */

/* Begin PBXGroup section */
		84777BCA170D467E00FDFE92 = {
			isa = PBXGroup;
			children = (
				84777BD5170D46FD00FDFE92 /* README.md */,
				84777BD4170D46FD00FDFE92 /* License.md */,
				ED81B8581ECE303B00659D3D /* config_install.plist */,
				ED498D841BD3027200C7BB36 /* config.plist */,
				ED95D2AE1C443EC700F66D6C /* download.sh */,
				ED95D2AF1C443EC700F66D6C /* install_downloads.sh */,
				ED6AA33D1C17E4E300143A36 /* makefile */,
				ED498D831BD3027200C7BB36 /* SSDT-HACK.dsl */,
				ED1A372F1D282677008DCEF1 /* SSDT-NVMe.dsl */,
			);
			sourceTree = "<group>";
		};
/* End PBXGroup section */

/* Begin PBXProject section */
		84777BCB170D467E00FDFE92 /* Project object */ = {
			isa = PBXProject;
			attributes = {
				LastUpgradeCheck = 0500;
			};
			buildConfigurationList = 84777BCE170D467E00FDFE92 /* Build configuration list for PBXProject "Patches" */;
			compatibilityVersion = "Xcode 3.2";
			developmentRegion = English;
			hasScannedForEncodings = 0;
			knownRegions = (
				en,
			);
			mainGroup = 84777BCA170D467E00FDFE92;
			projectDirPath = "";
			projectRoot = "";
			targets = (
			);
		};
/* End PBXProject section */

/* Begin XCBuildConfiguration section */
		84777BCF170D467E00FDFE92 /* Debug */ = {
			isa = XCBuildConfiguration;
			buildSettings = {
			};
			name = Debug;
		};
		84777BD0170D467E00FDFE92 /* Release */ = {
			isa = XCBuildConfiguration;
			buildSettings = {
			};
			name = Release;
		};
/* End XCBuildConfiguration section */

/* Begin XCConfigurationList section */
		84777BCE170D467E00FDFE92 /* Build configuration list for PBXProject "Patches" */ = {
			isa = XCConfigurationList;
			buildConfigurations = (
				84777BCF170D467E00FDFE92 /* Debug */,
				84777BD0170D467E00FDFE92 /* Release */,
			);
			defaultConfigurationIsVisible = 0;
			defaultConfigurationName = Release;
		};
/* End XCConfigurationList section */
	};
	rootObject = 84777BCB170D467E00FDFE92 /* Project object */;
}
